// !$*UTF8*$!
{
	archiveVersion = 1;
	classes = {
	};
	objectVersion = 56;
	objects = {

/* Begin PBXBuildFile section */
		0D491B682A4667210092C3BA /* GoogleService-Info.plist in Resources */ = {isa = PBXBuildFile; fileRef = 0D491B672A4667210092C3BA /* GoogleService-Info.plist */; };
		0D6AA4492A42BACA0079FA59 /* Patient.swift in Sources */ = {isa = PBXBuildFile; fileRef = 0D6AA4482A42BACA0079FA59 /* Patient.swift */; };
		0D6AA44B2A42BC040079FA59 /* Doctor.swift in Sources */ = {isa = PBXBuildFile; fileRef = 0D6AA44A2A42BC040079FA59 /* Doctor.swift */; };
		0D6AA44F2A42D2C40079FA59 /* LoginView.swift in Sources */ = {isa = PBXBuildFile; fileRef = 0D6AA44E2A42D2C40079FA59 /* LoginView.swift */; };
		0D6AA4512A42D58C0079FA59 /* LoginViewController.swift in Sources */ = {isa = PBXBuildFile; fileRef = 0D6AA4502A42D58C0079FA59 /* LoginViewController.swift */; };
		4B91D94E2A298B5200070ED2 /* AppDelegate.swift in Sources */ = {isa = PBXBuildFile; fileRef = 4B91D94D2A298B5200070ED2 /* AppDelegate.swift */; };
		4B91D9502A298B5200070ED2 /* SceneDelegate.swift in Sources */ = {isa = PBXBuildFile; fileRef = 4B91D94F2A298B5200070ED2 /* SceneDelegate.swift */; };
		4B91D9522A298B5200070ED2 /* ViewController.swift in Sources */ = {isa = PBXBuildFile; fileRef = 4B91D9512A298B5200070ED2 /* ViewController.swift */; };
		4B91D9552A298B5200070ED2 /* Main.storyboard in Resources */ = {isa = PBXBuildFile; fileRef = 4B91D9532A298B5200070ED2 /* Main.storyboard */; };
		4B91D9572A298B5400070ED2 /* Assets.xcassets in Resources */ = {isa = PBXBuildFile; fileRef = 4B91D9562A298B5400070ED2 /* Assets.xcassets */; };
		4B91D95A2A298B5400070ED2 /* LaunchScreen.storyboard in Resources */ = {isa = PBXBuildFile; fileRef = 4B91D9582A298B5400070ED2 /* LaunchScreen.storyboard */; };
		4B91D9652A298D0100070ED2 /* FirebaseAuth in Frameworks */ = {isa = PBXBuildFile; productRef = 4B91D9642A298D0100070ED2 /* FirebaseAuth */; };
		4B91D9672A298D0100070ED2 /* FirebaseFirestore in Frameworks */ = {isa = PBXBuildFile; productRef = 4B91D9662A298D0100070ED2 /* FirebaseFirestore */; };
		4B91D9692A298D0100070ED2 /* FirebaseFirestoreSwift in Frameworks */ = {isa = PBXBuildFile; productRef = 4B91D9682A298D0100070ED2 /* FirebaseFirestoreSwift */; };
		4B91D96B2A298D0100070ED2 /* FirebaseStorage in Frameworks */ = {isa = PBXBuildFile; productRef = 4B91D96A2A298D0100070ED2 /* FirebaseStorage */; };
		4B99E05F2A2A6EE700561156 /* MainScreenView.swift in Sources */ = {isa = PBXBuildFile; fileRef = 4B99E05E2A2A6EE700561156 /* MainScreenView.swift */; };
		4B99E0632A2A735600561156 /* Configs.swift in Sources */ = {isa = PBXBuildFile; fileRef = 4B99E0622A2A735600561156 /* Configs.swift */; };
		4B99E0662A2A77AA00561156 /* Contact.swift in Sources */ = {isa = PBXBuildFile; fileRef = 4B99E0652A2A77AA00561156 /* Contact.swift */; };
		4B99E06A2A2A89FA00561156 /* RightBarButtonManager.swift in Sources */ = {isa = PBXBuildFile; fileRef = 4B99E0692A2A89FA00561156 /* RightBarButtonManager.swift */; };
		4B99E06E2A2A9CA700561156 /* RegisterView.swift in Sources */ = {isa = PBXBuildFile; fileRef = 4B99E06D2A2A9CA700561156 /* RegisterView.swift */; };
		4B99E0702A2A9E5800561156 /* RegisterViewController.swift in Sources */ = {isa = PBXBuildFile; fileRef = 4B99E06F2A2A9E5800561156 /* RegisterViewController.swift */; };
		4B99E0722A2AAE1400561156 /* RegisterFirebaseManager.swift in Sources */ = {isa = PBXBuildFile; fileRef = 4B99E0712A2AAE1400561156 /* RegisterFirebaseManager.swift */; };
		4B99E0752A2ACD7B00561156 /* ProgressSpinnerViewController.swift in Sources */ = {isa = PBXBuildFile; fileRef = 4B99E0742A2ACD7B00561156 /* ProgressSpinnerViewController.swift */; };
		4B99E0772A2ACD8A00561156 /* ProgressSpinnerDelegate.swift in Sources */ = {isa = PBXBuildFile; fileRef = 4B99E0762A2ACD8A00561156 /* ProgressSpinnerDelegate.swift */; };
		4B99E0792A2AD3C400561156 /* RegisterProgressIndicatorManager.swift in Sources */ = {isa = PBXBuildFile; fileRef = 4B99E0782A2AD3C400561156 /* RegisterProgressIndicatorManager.swift */; };
		980C23242A4536EC0006A736 /* PLPView.swift in Sources */ = {isa = PBXBuildFile; fileRef = 980C23232A4536EC0006A736 /* PLPView.swift */; };
		980C23262A4537030006A736 /* PLPViewController.swift in Sources */ = {isa = PBXBuildFile; fileRef = 980C23252A4537030006A736 /* PLPViewController.swift */; };
		9814F2D52A4755A5007D8914 /* UserType.swift in Sources */ = {isa = PBXBuildFile; fileRef = 9814F2D42A4755A5007D8914 /* UserType.swift */; };
		9814F2D72A475ECB007D8914 /* LoginProgressIndicator.swift in Sources */ = {isa = PBXBuildFile; fileRef = 9814F2D62A475ECB007D8914 /* LoginProgressIndicator.swift */; };
		98D8E12F2A48B37300E2373C /* AddSymptomsViewController.swift in Sources */ = {isa = PBXBuildFile; fileRef = 98D8E1262A48B37300E2373C /* AddSymptomsViewController.swift */; };
		98D8E1302A48B37300E2373C /* AddSymptomsView.swift in Sources */ = {isa = PBXBuildFile; fileRef = 98D8E1282A48B37300E2373C /* AddSymptomsView.swift */; };
		98D8E1312A48B37300E2373C /* SymptomsTableViewManager.swift in Sources */ = {isa = PBXBuildFile; fileRef = 98D8E12A2A48B37300E2373C /* SymptomsTableViewManager.swift */; };
		98D8E1322A48B37300E2373C /* SymptomsViewController.swift in Sources */ = {isa = PBXBuildFile; fileRef = 98D8E12B2A48B37300E2373C /* SymptomsViewController.swift */; };
		98D8E1332A48B37300E2373C /* SymptomsTableViewCell.swift in Sources */ = {isa = PBXBuildFile; fileRef = 98D8E12D2A48B37300E2373C /* SymptomsTableViewCell.swift */; };
		98D8E1342A48B37300E2373C /* SymptomsView.swift in Sources */ = {isa = PBXBuildFile; fileRef = 98D8E12E2A48B37300E2373C /* SymptomsView.swift */; };
		98D8E1362A48BFD700E2373C /* Symptom.swift in Sources */ = {isa = PBXBuildFile; fileRef = 98D8E1352A48BFD700E2373C /* Symptom.swift */; };
		98D8E1382A48EAEF00E2373C /* PhotoManager.swift in Sources */ = {isa = PBXBuildFile; fileRef = 98D8E1372A48EAEF00E2373C /* PhotoManager.swift */; };
		98D8E13A2A48EE5F00E2373C /* ImageViewUtils.swift in Sources */ = {isa = PBXBuildFile; fileRef = 98D8E1392A48EE5F00E2373C /* ImageViewUtils.swift */; };
		98D8E13E2A48F82600E2373C /* EditPFPViewController.swift in Sources */ = {isa = PBXBuildFile; fileRef = 98D8E13D2A48F82600E2373C /* EditPFPViewController.swift */; };
		98D8E1402A48F84900E2373C /* EditPFPView.swift in Sources */ = {isa = PBXBuildFile; fileRef = 98D8E13F2A48F84900E2373C /* EditPFPView.swift */; };
		98D8E1422A490DD500E2373C /* SymptomID.swift in Sources */ = {isa = PBXBuildFile; fileRef = 98D8E1412A490DD500E2373C /* SymptomID.swift */; };
		AB3524942A46183F00FA3E78 /* DLPViewController.swift in Sources */ = {isa = PBXBuildFile; fileRef = AB3524932A46183F00FA3E78 /* DLPViewController.swift */; };
		AB3524962A46187D00FA3E78 /* DLPView.swift in Sources */ = {isa = PBXBuildFile; fileRef = AB3524952A46187D00FA3E78 /* DLPView.swift */; };
		AB35249B2A4791EE00FA3E78 /* DoctorsPatientsView.swift in Sources */ = {isa = PBXBuildFile; fileRef = AB35249A2A4791EE00FA3E78 /* DoctorsPatientsView.swift */; };
		AB35249D2A47920700FA3E78 /* DoctorsPatientsViewController.swift in Sources */ = {isa = PBXBuildFile; fileRef = AB35249C2A47920700FA3E78 /* DoctorsPatientsViewController.swift */; };
		AB35249F2A47946500FA3E78 /* DocsPatientsTableViewCell.swift in Sources */ = {isa = PBXBuildFile; fileRef = AB35249E2A47946500FA3E78 /* DocsPatientsTableViewCell.swift */; };
		AB3524A12A4796CC00FA3E78 /* PatientsTableViewManager.swift in Sources */ = {isa = PBXBuildFile; fileRef = AB3524A02A4796CC00FA3E78 /* PatientsTableViewManager.swift */; };
		AB3524A52A47CA4C00FA3E78 /* PatientProfileViewController.swift in Sources */ = {isa = PBXBuildFile; fileRef = AB3524A42A47CA4C00FA3E78 /* PatientProfileViewController.swift */; };
		AB3524A72A47CA5E00FA3E78 /* PatientProfileView.swift in Sources */ = {isa = PBXBuildFile; fileRef = AB3524A62A47CA5E00FA3E78 /* PatientProfileView.swift */; };
		AB3524AA2A47CBDA00FA3E78 /* PatientsDoctorsViewController.swift in Sources */ = {isa = PBXBuildFile; fileRef = AB3524A92A47CBDA00FA3E78 /* PatientsDoctorsViewController.swift */; };
		AB3524AC2A47CBFA00FA3E78 /* PatientsDoctorsView.swift in Sources */ = {isa = PBXBuildFile; fileRef = AB3524AB2A47CBFA00FA3E78 /* PatientsDoctorsView.swift */; };
		AB3524B02A47CC5200FA3E78 /* DoctorsTableViewManager.swift in Sources */ = {isa = PBXBuildFile; fileRef = AB3524AF2A47CC5200FA3E78 /* DoctorsTableViewManager.swift */; };
		AB3524B22A47CC7500FA3E78 /* PatientsDocsTableViewCell.swift in Sources */ = {isa = PBXBuildFile; fileRef = AB3524B12A47CC7500FA3E78 /* PatientsDocsTableViewCell.swift */; };
		AB3524B72A480FAF00FA3E78 /* Medication.swift in Sources */ = {isa = PBXBuildFile; fileRef = AB3524B62A480FAF00FA3E78 /* Medication.swift */; };
		AB3524C32A480FCC00FA3E78 /* AddMedicationViewController.swift in Sources */ = {isa = PBXBuildFile; fileRef = AB3524BA2A480FCC00FA3E78 /* AddMedicationViewController.swift */; };
		AB3524C42A480FCC00FA3E78 /* AddMedicationsView.swift in Sources */ = {isa = PBXBuildFile; fileRef = AB3524BC2A480FCC00FA3E78 /* AddMedicationsView.swift */; };
		AB3524C52A480FCC00FA3E78 /* MedicationsTableViewManager.swift in Sources */ = {isa = PBXBuildFile; fileRef = AB3524BE2A480FCC00FA3E78 /* MedicationsTableViewManager.swift */; };
		AB3524C62A480FCC00FA3E78 /* MedicationsTableViewCell.swift in Sources */ = {isa = PBXBuildFile; fileRef = AB3524C02A480FCC00FA3E78 /* MedicationsTableViewCell.swift */; };
		AB3524C72A480FCC00FA3E78 /* MedicationsView.swift in Sources */ = {isa = PBXBuildFile; fileRef = AB3524C12A480FCC00FA3E78 /* MedicationsView.swift */; };
		AB3524C82A480FCC00FA3E78 /* MedicationsViewController.swift in Sources */ = {isa = PBXBuildFile; fileRef = AB3524C22A480FCC00FA3E78 /* MedicationsViewController.swift */; };
		AB3524CA2A48A5FF00FA3E78 /* DoctorProfileViewController.swift in Sources */ = {isa = PBXBuildFile; fileRef = AB3524C92A48A5FF00FA3E78 /* DoctorProfileViewController.swift */; };
		AB3524CD2A48A62B00FA3E78 /* DoctorProfileView.swift in Sources */ = {isa = PBXBuildFile; fileRef = AB3524CC2A48A62B00FA3E78 /* DoctorProfileView.swift */; };
		AB3524CF2A48B49600FA3E78 /* DoctorsList.swift in Sources */ = {isa = PBXBuildFile; fileRef = AB3524CE2A48B49600FA3E78 /* DoctorsList.swift */; };
		AB3524D32A48D53300FA3E78 /* PatientsList.swift in Sources */ = {isa = PBXBuildFile; fileRef = AB3524D22A48D53300FA3E78 /* PatientsList.swift */; };
		AB3524D52A4903F800FA3E78 /* MainScreenProgressIndicator.swift in Sources */ = {isa = PBXBuildFile; fileRef = AB3524D42A4903F800FA3E78 /* MainScreenProgressIndicator.swift */; };
/* End PBXBuildFile section */

/* Begin PBXFileReference section */
		0D491B672A4667210092C3BA /* GoogleService-Info.plist */ = {isa = PBXFileReference; fileEncoding = 4; lastKnownFileType = text.plist.xml; path = "GoogleService-Info.plist"; sourceTree = "<group>"; };
		0D6AA4482A42BACA0079FA59 /* Patient.swift */ = {isa = PBXFileReference; lastKnownFileType = sourcecode.swift; path = Patient.swift; sourceTree = "<group>"; };
		0D6AA44A2A42BC040079FA59 /* Doctor.swift */ = {isa = PBXFileReference; lastKnownFileType = sourcecode.swift; path = Doctor.swift; sourceTree = "<group>"; };
		0D6AA44E2A42D2C40079FA59 /* LoginView.swift */ = {isa = PBXFileReference; lastKnownFileType = sourcecode.swift; path = LoginView.swift; sourceTree = "<group>"; };
		0D6AA4502A42D58C0079FA59 /* LoginViewController.swift */ = {isa = PBXFileReference; lastKnownFileType = sourcecode.swift; path = LoginViewController.swift; sourceTree = "<group>"; };
		4B91D94A2A298B5200070ED2 /* App12.app */ = {isa = PBXFileReference; explicitFileType = wrapper.application; includeInIndex = 0; path = App12.app; sourceTree = BUILT_PRODUCTS_DIR; };
		4B91D94D2A298B5200070ED2 /* AppDelegate.swift */ = {isa = PBXFileReference; lastKnownFileType = sourcecode.swift; path = AppDelegate.swift; sourceTree = "<group>"; };
		4B91D94F2A298B5200070ED2 /* SceneDelegate.swift */ = {isa = PBXFileReference; lastKnownFileType = sourcecode.swift; path = SceneDelegate.swift; sourceTree = "<group>"; };
		4B91D9512A298B5200070ED2 /* ViewController.swift */ = {isa = PBXFileReference; lastKnownFileType = sourcecode.swift; path = ViewController.swift; sourceTree = "<group>"; };
		4B91D9542A298B5200070ED2 /* Base */ = {isa = PBXFileReference; lastKnownFileType = file.storyboard; name = Base; path = Base.lproj/Main.storyboard; sourceTree = "<group>"; };
		4B91D9562A298B5400070ED2 /* Assets.xcassets */ = {isa = PBXFileReference; lastKnownFileType = folder.assetcatalog; path = Assets.xcassets; sourceTree = "<group>"; };
		4B91D9592A298B5400070ED2 /* Base */ = {isa = PBXFileReference; lastKnownFileType = file.storyboard; name = Base; path = Base.lproj/LaunchScreen.storyboard; sourceTree = "<group>"; };
		4B91D95B2A298B5400070ED2 /* Info.plist */ = {isa = PBXFileReference; lastKnownFileType = text.plist.xml; path = Info.plist; sourceTree = "<group>"; };
		4B99E05E2A2A6EE700561156 /* MainScreenView.swift */ = {isa = PBXFileReference; lastKnownFileType = sourcecode.swift; path = MainScreenView.swift; sourceTree = "<group>"; };
		4B99E0622A2A735600561156 /* Configs.swift */ = {isa = PBXFileReference; lastKnownFileType = sourcecode.swift; path = Configs.swift; sourceTree = "<group>"; };
		4B99E0652A2A77AA00561156 /* Contact.swift */ = {isa = PBXFileReference; lastKnownFileType = sourcecode.swift; path = Contact.swift; sourceTree = "<group>"; };
		4B99E0692A2A89FA00561156 /* RightBarButtonManager.swift */ = {isa = PBXFileReference; lastKnownFileType = sourcecode.swift; path = RightBarButtonManager.swift; sourceTree = "<group>"; };
		4B99E06D2A2A9CA700561156 /* RegisterView.swift */ = {isa = PBXFileReference; lastKnownFileType = sourcecode.swift; path = RegisterView.swift; sourceTree = "<group>"; };
		4B99E06F2A2A9E5800561156 /* RegisterViewController.swift */ = {isa = PBXFileReference; lastKnownFileType = sourcecode.swift; path = RegisterViewController.swift; sourceTree = "<group>"; };
		4B99E0712A2AAE1400561156 /* RegisterFirebaseManager.swift */ = {isa = PBXFileReference; lastKnownFileType = sourcecode.swift; path = RegisterFirebaseManager.swift; sourceTree = "<group>"; };
		4B99E0742A2ACD7B00561156 /* ProgressSpinnerViewController.swift */ = {isa = PBXFileReference; lastKnownFileType = sourcecode.swift; path = ProgressSpinnerViewController.swift; sourceTree = "<group>"; };
		4B99E0762A2ACD8A00561156 /* ProgressSpinnerDelegate.swift */ = {isa = PBXFileReference; lastKnownFileType = sourcecode.swift; path = ProgressSpinnerDelegate.swift; sourceTree = "<group>"; };
		4B99E0782A2AD3C400561156 /* RegisterProgressIndicatorManager.swift */ = {isa = PBXFileReference; lastKnownFileType = sourcecode.swift; path = RegisterProgressIndicatorManager.swift; sourceTree = "<group>"; };
		980C23232A4536EC0006A736 /* PLPView.swift */ = {isa = PBXFileReference; lastKnownFileType = sourcecode.swift; path = PLPView.swift; sourceTree = "<group>"; };
		980C23252A4537030006A736 /* PLPViewController.swift */ = {isa = PBXFileReference; lastKnownFileType = sourcecode.swift; path = PLPViewController.swift; sourceTree = "<group>"; };
		9814F2D42A4755A5007D8914 /* UserType.swift */ = {isa = PBXFileReference; lastKnownFileType = sourcecode.swift; path = UserType.swift; sourceTree = "<group>"; };
		9814F2D62A475ECB007D8914 /* LoginProgressIndicator.swift */ = {isa = PBXFileReference; lastKnownFileType = sourcecode.swift; path = LoginProgressIndicator.swift; sourceTree = "<group>"; };
		98D8E1262A48B37300E2373C /* AddSymptomsViewController.swift */ = {isa = PBXFileReference; fileEncoding = 4; lastKnownFileType = sourcecode.swift; path = AddSymptomsViewController.swift; sourceTree = "<group>"; };
		98D8E1282A48B37300E2373C /* AddSymptomsView.swift */ = {isa = PBXFileReference; fileEncoding = 4; lastKnownFileType = sourcecode.swift; path = AddSymptomsView.swift; sourceTree = "<group>"; };
		98D8E12A2A48B37300E2373C /* SymptomsTableViewManager.swift */ = {isa = PBXFileReference; fileEncoding = 4; lastKnownFileType = sourcecode.swift; path = SymptomsTableViewManager.swift; sourceTree = "<group>"; };
		98D8E12B2A48B37300E2373C /* SymptomsViewController.swift */ = {isa = PBXFileReference; fileEncoding = 4; lastKnownFileType = sourcecode.swift; path = SymptomsViewController.swift; sourceTree = "<group>"; };
		98D8E12D2A48B37300E2373C /* SymptomsTableViewCell.swift */ = {isa = PBXFileReference; fileEncoding = 4; lastKnownFileType = sourcecode.swift; path = SymptomsTableViewCell.swift; sourceTree = "<group>"; };
		98D8E12E2A48B37300E2373C /* SymptomsView.swift */ = {isa = PBXFileReference; fileEncoding = 4; lastKnownFileType = sourcecode.swift; path = SymptomsView.swift; sourceTree = "<group>"; };
		98D8E1352A48BFD700E2373C /* Symptom.swift */ = {isa = PBXFileReference; lastKnownFileType = sourcecode.swift; path = Symptom.swift; sourceTree = "<group>"; };
		98D8E1372A48EAEF00E2373C /* PhotoManager.swift */ = {isa = PBXFileReference; fileEncoding = 4; lastKnownFileType = sourcecode.swift; path = PhotoManager.swift; sourceTree = "<group>"; };
		98D8E1392A48EE5F00E2373C /* ImageViewUtils.swift */ = {isa = PBXFileReference; fileEncoding = 4; lastKnownFileType = sourcecode.swift; path = ImageViewUtils.swift; sourceTree = "<group>"; };
		98D8E13D2A48F82600E2373C /* EditPFPViewController.swift */ = {isa = PBXFileReference; lastKnownFileType = sourcecode.swift; path = EditPFPViewController.swift; sourceTree = "<group>"; };
		98D8E13F2A48F84900E2373C /* EditPFPView.swift */ = {isa = PBXFileReference; lastKnownFileType = sourcecode.swift; path = EditPFPView.swift; sourceTree = "<group>"; };
		98D8E1412A490DD500E2373C /* SymptomID.swift */ = {isa = PBXFileReference; lastKnownFileType = sourcecode.swift; path = SymptomID.swift; sourceTree = "<group>"; };
		AB3524932A46183F00FA3E78 /* DLPViewController.swift */ = {isa = PBXFileReference; lastKnownFileType = sourcecode.swift; path = DLPViewController.swift; sourceTree = "<group>"; };
		AB3524952A46187D00FA3E78 /* DLPView.swift */ = {isa = PBXFileReference; lastKnownFileType = sourcecode.swift; path = DLPView.swift; sourceTree = "<group>"; };
		AB35249A2A4791EE00FA3E78 /* DoctorsPatientsView.swift */ = {isa = PBXFileReference; lastKnownFileType = sourcecode.swift; path = DoctorsPatientsView.swift; sourceTree = "<group>"; };
		AB35249C2A47920700FA3E78 /* DoctorsPatientsViewController.swift */ = {isa = PBXFileReference; lastKnownFileType = sourcecode.swift; path = DoctorsPatientsViewController.swift; sourceTree = "<group>"; };
		AB35249E2A47946500FA3E78 /* DocsPatientsTableViewCell.swift */ = {isa = PBXFileReference; lastKnownFileType = sourcecode.swift; path = DocsPatientsTableViewCell.swift; sourceTree = "<group>"; };
		AB3524A02A4796CC00FA3E78 /* PatientsTableViewManager.swift */ = {isa = PBXFileReference; lastKnownFileType = sourcecode.swift; path = PatientsTableViewManager.swift; sourceTree = "<group>"; };
		AB3524A42A47CA4C00FA3E78 /* PatientProfileViewController.swift */ = {isa = PBXFileReference; lastKnownFileType = sourcecode.swift; path = PatientProfileViewController.swift; sourceTree = "<group>"; };
		AB3524A62A47CA5E00FA3E78 /* PatientProfileView.swift */ = {isa = PBXFileReference; lastKnownFileType = sourcecode.swift; path = PatientProfileView.swift; sourceTree = "<group>"; };
		AB3524A92A47CBDA00FA3E78 /* PatientsDoctorsViewController.swift */ = {isa = PBXFileReference; lastKnownFileType = sourcecode.swift; path = PatientsDoctorsViewController.swift; sourceTree = "<group>"; };
		AB3524AB2A47CBFA00FA3E78 /* PatientsDoctorsView.swift */ = {isa = PBXFileReference; lastKnownFileType = sourcecode.swift; path = PatientsDoctorsView.swift; sourceTree = "<group>"; };
		AB3524AF2A47CC5200FA3E78 /* DoctorsTableViewManager.swift */ = {isa = PBXFileReference; lastKnownFileType = sourcecode.swift; path = DoctorsTableViewManager.swift; sourceTree = "<group>"; };
		AB3524B12A47CC7500FA3E78 /* PatientsDocsTableViewCell.swift */ = {isa = PBXFileReference; lastKnownFileType = sourcecode.swift; path = PatientsDocsTableViewCell.swift; sourceTree = "<group>"; };
		AB3524B62A480FAF00FA3E78 /* Medication.swift */ = {isa = PBXFileReference; fileEncoding = 4; lastKnownFileType = sourcecode.swift; path = Medication.swift; sourceTree = "<group>"; };
		AB3524BA2A480FCC00FA3E78 /* AddMedicationViewController.swift */ = {isa = PBXFileReference; fileEncoding = 4; lastKnownFileType = sourcecode.swift; path = AddMedicationViewController.swift; sourceTree = "<group>"; };
		AB3524BC2A480FCC00FA3E78 /* AddMedicationsView.swift */ = {isa = PBXFileReference; fileEncoding = 4; lastKnownFileType = sourcecode.swift; path = AddMedicationsView.swift; sourceTree = "<group>"; };
		AB3524BE2A480FCC00FA3E78 /* MedicationsTableViewManager.swift */ = {isa = PBXFileReference; fileEncoding = 4; lastKnownFileType = sourcecode.swift; path = MedicationsTableViewManager.swift; sourceTree = "<group>"; };
		AB3524C02A480FCC00FA3E78 /* MedicationsTableViewCell.swift */ = {isa = PBXFileReference; fileEncoding = 4; lastKnownFileType = sourcecode.swift; path = MedicationsTableViewCell.swift; sourceTree = "<group>"; };
		AB3524C12A480FCC00FA3E78 /* MedicationsView.swift */ = {isa = PBXFileReference; fileEncoding = 4; lastKnownFileType = sourcecode.swift; path = MedicationsView.swift; sourceTree = "<group>"; };
		AB3524C22A480FCC00FA3E78 /* MedicationsViewController.swift */ = {isa = PBXFileReference; fileEncoding = 4; lastKnownFileType = sourcecode.swift; path = MedicationsViewController.swift; sourceTree = "<group>"; };
		AB3524C92A48A5FF00FA3E78 /* DoctorProfileViewController.swift */ = {isa = PBXFileReference; lastKnownFileType = sourcecode.swift; path = DoctorProfileViewController.swift; sourceTree = "<group>"; };
		AB3524CC2A48A62B00FA3E78 /* DoctorProfileView.swift */ = {isa = PBXFileReference; lastKnownFileType = sourcecode.swift; path = DoctorProfileView.swift; sourceTree = "<group>"; };
		AB3524CE2A48B49600FA3E78 /* DoctorsList.swift */ = {isa = PBXFileReference; lastKnownFileType = sourcecode.swift; path = DoctorsList.swift; sourceTree = "<group>"; };
		AB3524D22A48D53300FA3E78 /* PatientsList.swift */ = {isa = PBXFileReference; fileEncoding = 4; lastKnownFileType = sourcecode.swift; path = PatientsList.swift; sourceTree = "<group>"; };
		AB3524D42A4903F800FA3E78 /* MainScreenProgressIndicator.swift */ = {isa = PBXFileReference; lastKnownFileType = sourcecode.swift; path = MainScreenProgressIndicator.swift; sourceTree = "<group>"; };
/* End PBXFileReference section */

/* Begin PBXFrameworksBuildPhase section */
		4B91D9472A298B5200070ED2 /* Frameworks */ = {
			isa = PBXFrameworksBuildPhase;
			buildActionMask = 2147483647;
			files = (
				4B91D9652A298D0100070ED2 /* FirebaseAuth in Frameworks */,
				4B91D96B2A298D0100070ED2 /* FirebaseStorage in Frameworks */,
				4B91D9672A298D0100070ED2 /* FirebaseFirestore in Frameworks */,
				4B91D9692A298D0100070ED2 /* FirebaseFirestoreSwift in Frameworks */,
			);
			runOnlyForDeploymentPostprocessing = 0;
		};
/* End PBXFrameworksBuildPhase section */

/* Begin PBXGroup section */
		0D6AA44C2A42D1BA0079FA59 /* Login Screen */ = {
			isa = PBXGroup;
			children = (
				0D6AA44D2A42D2B20079FA59 /* Views */,
				0D6AA4502A42D58C0079FA59 /* LoginViewController.swift */,
				9814F2D62A475ECB007D8914 /* LoginProgressIndicator.swift */,
			);
			path = "Login Screen";
			sourceTree = "<group>";
		};
		0D6AA44D2A42D2B20079FA59 /* Views */ = {
			isa = PBXGroup;
			children = (
				0D6AA44E2A42D2C40079FA59 /* LoginView.swift */,
			);
			path = Views;
			sourceTree = "<group>";
		};
		4B91D9412A298B5200070ED2 = {
			isa = PBXGroup;
			children = (
				4B91D94C2A298B5200070ED2 /* App12 */,
				4B91D94B2A298B5200070ED2 /* Products */,
			);
			sourceTree = "<group>";
		};
		4B91D94B2A298B5200070ED2 /* Products */ = {
			isa = PBXGroup;
			children = (
				4B91D94A2A298B5200070ED2 /* App12.app */,
			);
			name = Products;
			sourceTree = "<group>";
		};
		4B91D94C2A298B5200070ED2 /* App12 */ = {
			isa = PBXGroup;
			children = (
				98D8E13B2A48F80600E2373C /* Edit PFP */,
				4B99E0622A2A735600561156 /* Configs.swift */,
				98D8E1392A48EE5F00E2373C /* ImageViewUtils.swift */,
				AB3524992A4618BD00FA3E78 /* Doctor */,
				980C23202A4536510006A736 /* Patient */,
				4B99E0732A2ACD6900561156 /* Progress Indicator */,
				4B99E0642A2A779600561156 /* Data Models */,
				0D6AA44C2A42D1BA0079FA59 /* Login Screen */,
				4B99E06B2A2A9C8100561156 /* Register Screen */,
				4B99E05C2A2A6EBE00561156 /* Main Screen  */,
				4B91D94D2A298B5200070ED2 /* AppDelegate.swift */,
				4B91D94F2A298B5200070ED2 /* SceneDelegate.swift */,
				4B91D9532A298B5200070ED2 /* Main.storyboard */,
				4B91D9562A298B5400070ED2 /* Assets.xcassets */,
				4B91D9582A298B5400070ED2 /* LaunchScreen.storyboard */,
				4B91D95B2A298B5400070ED2 /* Info.plist */,
				0D491B672A4667210092C3BA /* GoogleService-Info.plist */,
			);
			path = App12;
			sourceTree = "<group>";
		};
		4B99E05C2A2A6EBE00561156 /* Main Screen  */ = {
			isa = PBXGroup;
			children = (
				4B99E05D2A2A6EC700561156 /* Views */,
				4B91D9512A298B5200070ED2 /* ViewController.swift */,
				4B99E0692A2A89FA00561156 /* RightBarButtonManager.swift */,
				AB3524D42A4903F800FA3E78 /* MainScreenProgressIndicator.swift */,
			);
			path = "Main Screen ";
			sourceTree = "<group>";
		};
		4B99E05D2A2A6EC700561156 /* Views */ = {
			isa = PBXGroup;
			children = (
				4B99E05E2A2A6EE700561156 /* MainScreenView.swift */,
			);
			path = Views;
			sourceTree = "<group>";
		};
		4B99E0642A2A779600561156 /* Data Models */ = {
			isa = PBXGroup;
			children = (
				AB3524B62A480FAF00FA3E78 /* Medication.swift */,
				4B99E0652A2A77AA00561156 /* Contact.swift */,
				0D6AA4482A42BACA0079FA59 /* Patient.swift */,
				0D6AA44A2A42BC040079FA59 /* Doctor.swift */,
				9814F2D42A4755A5007D8914 /* UserType.swift */,
				98D8E1352A48BFD700E2373C /* Symptom.swift */,
				AB3524D22A48D53300FA3E78 /* PatientsList.swift */,
				AB3524CE2A48B49600FA3E78 /* DoctorsList.swift */,
			);
			path = "Data Models";
			sourceTree = "<group>";
		};
		4B99E06B2A2A9C8100561156 /* Register Screen */ = {
			isa = PBXGroup;
			children = (
				4B99E06C2A2A9C9500561156 /* Views */,
				4B99E06F2A2A9E5800561156 /* RegisterViewController.swift */,
				4B99E0712A2AAE1400561156 /* RegisterFirebaseManager.swift */,
				4B99E0782A2AD3C400561156 /* RegisterProgressIndicatorManager.swift */,
				98D8E1372A48EAEF00E2373C /* PhotoManager.swift */,
			);
			path = "Register Screen";
			sourceTree = "<group>";
		};
		4B99E06C2A2A9C9500561156 /* Views */ = {
			isa = PBXGroup;
			children = (
				4B99E06D2A2A9CA700561156 /* RegisterView.swift */,
			);
			path = Views;
			sourceTree = "<group>";
		};
		4B99E0732A2ACD6900561156 /* Progress Indicator */ = {
			isa = PBXGroup;
			children = (
				4B99E0742A2ACD7B00561156 /* ProgressSpinnerViewController.swift */,
				4B99E0762A2ACD8A00561156 /* ProgressSpinnerDelegate.swift */,
			);
			path = "Progress Indicator";
			sourceTree = "<group>";
		};
		980C23202A4536510006A736 /* Patient */ = {
			isa = PBXGroup;
			children = (
				98D8E1242A48B37300E2373C /* Symptoms */,
				AB3524B82A480FCC00FA3E78 /* Medications */,
				AB3524AD2A47CC0200FA3E78 /* Doctor List Screen */,
				980C23212A45365E0006A736 /* Patient Landing Page */,
			);
			path = Patient;
			sourceTree = "<group>";
		};
		980C23212A45365E0006A736 /* Patient Landing Page */ = {
			isa = PBXGroup;
			children = (
				980C23222A4536D90006A736 /* Views */,
				980C23252A4537030006A736 /* PLPViewController.swift */,
			);
			path = "Patient Landing Page";
			sourceTree = "<group>";
		};
		980C23222A4536D90006A736 /* Views */ = {
			isa = PBXGroup;
			children = (
				980C23232A4536EC0006A736 /* PLPView.swift */,
			);
			path = Views;
			sourceTree = "<group>";
		};
		98D8E1242A48B37300E2373C /* Symptoms */ = {
			isa = PBXGroup;
			children = (
				98D8E1252A48B37300E2373C /* Add Symptoms Screen */,
				98D8E1292A48B37300E2373C /* Symptoms List Screen */,
			);
			path = Symptoms;
			sourceTree = "<group>";
		};
		98D8E1252A48B37300E2373C /* Add Symptoms Screen */ = {
			isa = PBXGroup;
			children = (
				98D8E1272A48B37300E2373C /* Views */,
				98D8E1262A48B37300E2373C /* AddSymptomsViewController.swift */,
			);
			path = "Add Symptoms Screen";
			sourceTree = "<group>";
		};
		98D8E1272A48B37300E2373C /* Views */ = {
			isa = PBXGroup;
			children = (
				98D8E1282A48B37300E2373C /* AddSymptomsView.swift */,
			);
			path = Views;
			sourceTree = "<group>";
		};
		98D8E1292A48B37300E2373C /* Symptoms List Screen */ = {
			isa = PBXGroup;
			children = (
				98D8E12C2A48B37300E2373C /* Views */,
				98D8E12B2A48B37300E2373C /* SymptomsViewController.swift */,
				98D8E12A2A48B37300E2373C /* SymptomsTableViewManager.swift */,
			);
			path = "Symptoms List Screen";
			sourceTree = "<group>";
		};
		98D8E12C2A48B37300E2373C /* Views */ = {
			isa = PBXGroup;
			children = (
				98D8E12E2A48B37300E2373C /* SymptomsView.swift */,
				98D8E12D2A48B37300E2373C /* SymptomsTableViewCell.swift */,
			);
			path = Views;
			sourceTree = "<group>";
		};
		98D8E13B2A48F80600E2373C /* Edit PFP */ = {
			isa = PBXGroup;
			children = (
				98D8E13C2A48F81200E2373C /* Views */,
				98D8E13D2A48F82600E2373C /* EditPFPViewController.swift */,
				98D8E1412A490DD500E2373C /* SymptomID.swift */,
			);
			path = "Edit PFP";
			sourceTree = "<group>";
		};
		98D8E13C2A48F81200E2373C /* Views */ = {
			isa = PBXGroup;
			children = (
				98D8E13F2A48F84900E2373C /* EditPFPView.swift */,
			);
			path = Views;
			sourceTree = "<group>";
		};
		AB3524972A46188900FA3E78 /* Doctor Landing Page */ = {
			isa = PBXGroup;
			children = (
				AB3524982A4618AC00FA3E78 /* Views */,
				AB3524932A46183F00FA3E78 /* DLPViewController.swift */,
			);
			path = "Doctor Landing Page";
			sourceTree = "<group>";
		};
		AB3524982A4618AC00FA3E78 /* Views */ = {
			isa = PBXGroup;
			children = (
				AB3524952A46187D00FA3E78 /* DLPView.swift */,
			);
			path = Views;
			sourceTree = "<group>";
		};
		AB3524992A4618BD00FA3E78 /* Doctor */ = {
			isa = PBXGroup;
			children = (
				AB3524A32A4798E800FA3E78 /* Patient List Screen */,
				AB3524972A46188900FA3E78 /* Doctor Landing Page */,
			);
			path = Doctor;
			sourceTree = "<group>";
		};
		AB3524A22A4798B800FA3E78 /* Views */ = {
			isa = PBXGroup;
			children = (
				AB35249E2A47946500FA3E78 /* DocsPatientsTableViewCell.swift */,
				AB35249A2A4791EE00FA3E78 /* DoctorsPatientsView.swift */,
			);
			path = Views;
			sourceTree = "<group>";
		};
		AB3524A32A4798E800FA3E78 /* Patient List Screen */ = {
			isa = PBXGroup;
			children = (
				AB3524A22A4798B800FA3E78 /* Views */,
				AB35249C2A47920700FA3E78 /* DoctorsPatientsViewController.swift */,
				AB3524A02A4796CC00FA3E78 /* PatientsTableViewManager.swift */,
				AB3524A82A47CA6B00FA3E78 /* Patient Profile */,
			);
			path = "Patient List Screen";
			sourceTree = "<group>";
		};
		AB3524A82A47CA6B00FA3E78 /* Patient Profile */ = {
			isa = PBXGroup;
			children = (
				AB3524A42A47CA4C00FA3E78 /* PatientProfileViewController.swift */,
				AB3524A62A47CA5E00FA3E78 /* PatientProfileView.swift */,
			);
			path = "Patient Profile";
			sourceTree = "<group>";
		};
		AB3524AD2A47CC0200FA3E78 /* Doctor List Screen */ = {
			isa = PBXGroup;
			children = (
				AB3524AE2A47CC1700FA3E78 /* Views */,
				AB3524A92A47CBDA00FA3E78 /* PatientsDoctorsViewController.swift */,
				AB3524AF2A47CC5200FA3E78 /* DoctorsTableViewManager.swift */,
				AB3524CB2A48A60800FA3E78 /* Doctor Profile */,
			);
			path = "Doctor List Screen";
			sourceTree = "<group>";
		};
		AB3524AE2A47CC1700FA3E78 /* Views */ = {
			isa = PBXGroup;
			children = (
				AB3524B12A47CC7500FA3E78 /* PatientsDocsTableViewCell.swift */,
				AB3524AB2A47CBFA00FA3E78 /* PatientsDoctorsView.swift */,
			);
			path = Views;
			sourceTree = "<group>";
		};
		AB3524B82A480FCC00FA3E78 /* Medications */ = {
			isa = PBXGroup;
			children = (
				AB3524B92A480FCC00FA3E78 /* Add Medication Screen */,
				AB3524BD2A480FCC00FA3E78 /* Medications List Screen */,
			);
			path = Medications;
			sourceTree = "<group>";
		};
		AB3524B92A480FCC00FA3E78 /* Add Medication Screen */ = {
			isa = PBXGroup;
			children = (
				AB3524BA2A480FCC00FA3E78 /* AddMedicationViewController.swift */,
				AB3524BB2A480FCC00FA3E78 /* Views */,
			);
			path = "Add Medication Screen";
			sourceTree = "<group>";
		};
		AB3524BB2A480FCC00FA3E78 /* Views */ = {
			isa = PBXGroup;
			children = (
				AB3524BC2A480FCC00FA3E78 /* AddMedicationsView.swift */,
			);
			path = Views;
			sourceTree = "<group>";
		};
		AB3524BD2A480FCC00FA3E78 /* Medications List Screen */ = {
			isa = PBXGroup;
			children = (
				AB3524BE2A480FCC00FA3E78 /* MedicationsTableViewManager.swift */,
				AB3524C22A480FCC00FA3E78 /* MedicationsViewController.swift */,
				AB3524BF2A480FCC00FA3E78 /* Views */,
			);
			path = "Medications List Screen";
			sourceTree = "<group>";
		};
		AB3524BF2A480FCC00FA3E78 /* Views */ = {
			isa = PBXGroup;
			children = (
				AB3524C02A480FCC00FA3E78 /* MedicationsTableViewCell.swift */,
				AB3524C12A480FCC00FA3E78 /* MedicationsView.swift */,
			);
			path = Views;
			sourceTree = "<group>";
		};
		AB3524CB2A48A60800FA3E78 /* Doctor Profile */ = {
			isa = PBXGroup;
			children = (
				AB3524C92A48A5FF00FA3E78 /* DoctorProfileViewController.swift */,
				AB3524CC2A48A62B00FA3E78 /* DoctorProfileView.swift */,
			);
			path = "Doctor Profile";
			sourceTree = "<group>";
		};
/* End PBXGroup section */

/* Begin PBXNativeTarget section */
		4B91D9492A298B5200070ED2 /* App12 */ = {
			isa = PBXNativeTarget;
			buildConfigurationList = 4B91D95E2A298B5400070ED2 /* Build configuration list for PBXNativeTarget "App12" */;
			buildPhases = (
				4B91D9462A298B5200070ED2 /* Sources */,
				4B91D9472A298B5200070ED2 /* Frameworks */,
				4B91D9482A298B5200070ED2 /* Resources */,
			);
			buildRules = (
			);
			dependencies = (
			);
			name = App12;
			packageProductDependencies = (
				4B91D9642A298D0100070ED2 /* FirebaseAuth */,
				4B91D9662A298D0100070ED2 /* FirebaseFirestore */,
				4B91D9682A298D0100070ED2 /* FirebaseFirestoreSwift */,
				4B91D96A2A298D0100070ED2 /* FirebaseStorage */,
			);
			productName = App12;
			productReference = 4B91D94A2A298B5200070ED2 /* App12.app */;
			productType = "com.apple.product-type.application";
		};
/* End PBXNativeTarget section */

/* Begin PBXProject section */
		4B91D9422A298B5200070ED2 /* Project object */ = {
			isa = PBXProject;
			attributes = {
				BuildIndependentTargetsInParallel = 1;
				LastSwiftUpdateCheck = 1430;
				LastUpgradeCheck = 1430;
				TargetAttributes = {
					4B91D9492A298B5200070ED2 = {
						CreatedOnToolsVersion = 14.3;
					};
				};
			};
			buildConfigurationList = 4B91D9452A298B5200070ED2 /* Build configuration list for PBXProject "App12" */;
			compatibilityVersion = "Xcode 14.0";
			developmentRegion = en;
			hasScannedForEncodings = 0;
			knownRegions = (
				en,
				Base,
			);
			mainGroup = 4B91D9412A298B5200070ED2;
			packageReferences = (
				4B91D9632A298D0100070ED2 /* XCRemoteSwiftPackageReference "firebase-ios-sdk" */,
			);
			productRefGroup = 4B91D94B2A298B5200070ED2 /* Products */;
			projectDirPath = "";
			projectRoot = "";
			targets = (
				4B91D9492A298B5200070ED2 /* App12 */,
			);
		};
/* End PBXProject section */

/* Begin PBXResourcesBuildPhase section */
		4B91D9482A298B5200070ED2 /* Resources */ = {
			isa = PBXResourcesBuildPhase;
			buildActionMask = 2147483647;
			files = (
				4B91D95A2A298B5400070ED2 /* LaunchScreen.storyboard in Resources */,
				0D491B682A4667210092C3BA /* GoogleService-Info.plist in Resources */,
				4B91D9572A298B5400070ED2 /* Assets.xcassets in Resources */,
				4B91D9552A298B5200070ED2 /* Main.storyboard in Resources */,
			);
			runOnlyForDeploymentPostprocessing = 0;
		};
/* End PBXResourcesBuildPhase section */

/* Begin PBXSourcesBuildPhase section */
		4B91D9462A298B5200070ED2 /* Sources */ = {
			isa = PBXSourcesBuildPhase;
			buildActionMask = 2147483647;
			files = (
				0D6AA4512A42D58C0079FA59 /* LoginViewController.swift in Sources */,
				4B91D9522A298B5200070ED2 /* ViewController.swift in Sources */,
				AB3524C62A480FCC00FA3E78 /* MedicationsTableViewCell.swift in Sources */,
				9814F2D52A4755A5007D8914 /* UserType.swift in Sources */,
				4B99E0722A2AAE1400561156 /* RegisterFirebaseManager.swift in Sources */,
				AB3524AC2A47CBFA00FA3E78 /* PatientsDoctorsView.swift in Sources */,
				AB3524B22A47CC7500FA3E78 /* PatientsDocsTableViewCell.swift in Sources */,
				AB35249D2A47920700FA3E78 /* DoctorsPatientsViewController.swift in Sources */,
				4B99E0702A2A9E5800561156 /* RegisterViewController.swift in Sources */,
				AB3524D52A4903F800FA3E78 /* MainScreenProgressIndicator.swift in Sources */,
				4B99E06E2A2A9CA700561156 /* RegisterView.swift in Sources */,
				4B91D94E2A298B5200070ED2 /* AppDelegate.swift in Sources */,
				4B99E0752A2ACD7B00561156 /* ProgressSpinnerViewController.swift in Sources */,
				98D8E1382A48EAEF00E2373C /* PhotoManager.swift in Sources */,
				AB3524B72A480FAF00FA3E78 /* Medication.swift in Sources */,
				98D8E1402A48F84900E2373C /* EditPFPView.swift in Sources */,
				AB3524A72A47CA5E00FA3E78 /* PatientProfileView.swift in Sources */,
				AB3524B02A47CC5200FA3E78 /* DoctorsTableViewManager.swift in Sources */,
				AB3524A52A47CA4C00FA3E78 /* PatientProfileViewController.swift in Sources */,
				4B99E06A2A2A89FA00561156 /* RightBarButtonManager.swift in Sources */,
				98D8E13E2A48F82600E2373C /* EditPFPViewController.swift in Sources */,
				AB3524942A46183F00FA3E78 /* DLPViewController.swift in Sources */,
				4B91D9502A298B5200070ED2 /* SceneDelegate.swift in Sources */,
				AB3524C82A480FCC00FA3E78 /* MedicationsViewController.swift in Sources */,
				4B99E05F2A2A6EE700561156 /* MainScreenView.swift in Sources */,
				AB3524962A46187D00FA3E78 /* DLPView.swift in Sources */,
				AB3524C32A480FCC00FA3E78 /* AddMedicationViewController.swift in Sources */,
				0D6AA4492A42BACA0079FA59 /* Patient.swift in Sources */,
				0D6AA44B2A42BC040079FA59 /* Doctor.swift in Sources */,
				4B99E0792A2AD3C400561156 /* RegisterProgressIndicatorManager.swift in Sources */,
				98D8E1342A48B37300E2373C /* SymptomsView.swift in Sources */,
				98D8E13A2A48EE5F00E2373C /* ImageViewUtils.swift in Sources */,
				98D8E1322A48B37300E2373C /* SymptomsViewController.swift in Sources */,
				98D8E1362A48BFD700E2373C /* Symptom.swift in Sources */,
				AB3524AA2A47CBDA00FA3E78 /* PatientsDoctorsViewController.swift in Sources */,
				4B99E0632A2A735600561156 /* Configs.swift in Sources */,
				9814F2D72A475ECB007D8914 /* LoginProgressIndicator.swift in Sources */,
				AB3524C72A480FCC00FA3E78 /* MedicationsView.swift in Sources */,
				98D8E1302A48B37300E2373C /* AddSymptomsView.swift in Sources */,
				AB3524CA2A48A5FF00FA3E78 /* DoctorProfileViewController.swift in Sources */,
				AB35249F2A47946500FA3E78 /* DocsPatientsTableViewCell.swift in Sources */,
				4B99E0662A2A77AA00561156 /* Contact.swift in Sources */,
				AB3524A12A4796CC00FA3E78 /* PatientsTableViewManager.swift in Sources */,
				980C23262A4537030006A736 /* PLPViewController.swift in Sources */,
				4B99E0772A2ACD8A00561156 /* ProgressSpinnerDelegate.swift in Sources */,
				0D6AA44F2A42D2C40079FA59 /* LoginView.swift in Sources */,
				AB35249B2A4791EE00FA3E78 /* DoctorsPatientsView.swift in Sources */,
				98D8E1332A48B37300E2373C /* SymptomsTableViewCell.swift in Sources */,
				980C23242A4536EC0006A736 /* PLPView.swift in Sources */,
				AB3524CD2A48A62B00FA3E78 /* DoctorProfileView.swift in Sources */,
				AB3524CF2A48B49600FA3E78 /* DoctorsList.swift in Sources */,
				AB3524C42A480FCC00FA3E78 /* AddMedicationsView.swift in Sources */,
				AB3524C52A480FCC00FA3E78 /* MedicationsTableViewManager.swift in Sources */,
				98D8E1422A490DD500E2373C /* SymptomID.swift in Sources */,
				AB3524D32A48D53300FA3E78 /* PatientsList.swift in Sources */,
				98D8E1312A48B37300E2373C /* SymptomsTableViewManager.swift in Sources */,
				98D8E12F2A48B37300E2373C /* AddSymptomsViewController.swift in Sources */,
			);
			runOnlyForDeploymentPostprocessing = 0;
		};
/* End PBXSourcesBuildPhase section */

/* Begin PBXVariantGroup section */
		4B91D9532A298B5200070ED2 /* Main.storyboard */ = {
			isa = PBXVariantGroup;
			children = (
				4B91D9542A298B5200070ED2 /* Base */,
			);
			name = Main.storyboard;
			sourceTree = "<group>";
		};
		4B91D9582A298B5400070ED2 /* LaunchScreen.storyboard */ = {
			isa = PBXVariantGroup;
			children = (
				4B91D9592A298B5400070ED2 /* Base */,
			);
			name = LaunchScreen.storyboard;
			sourceTree = "<group>";
		};
/* End PBXVariantGroup section */

/* Begin XCBuildConfiguration section */
		4B91D95C2A298B5400070ED2 /* Debug */ = {
			isa = XCBuildConfiguration;
			buildSettings = {
				ALWAYS_SEARCH_USER_PATHS = NO;
				CLANG_ANALYZER_NONNULL = YES;
				CLANG_ANALYZER_NUMBER_OBJECT_CONVERSION = YES_AGGRESSIVE;
				CLANG_CXX_LANGUAGE_STANDARD = "gnu++20";
				CLANG_ENABLE_MODULES = YES;
				CLANG_ENABLE_OBJC_ARC = YES;
				CLANG_ENABLE_OBJC_WEAK = YES;
				CLANG_WARN_BLOCK_CAPTURE_AUTORELEASING = YES;
				CLANG_WARN_BOOL_CONVERSION = YES;
				CLANG_WARN_COMMA = YES;
				CLANG_WARN_CONSTANT_CONVERSION = YES;
				CLANG_WARN_DEPRECATED_OBJC_IMPLEMENTATIONS = YES;
				CLANG_WARN_DIRECT_OBJC_ISA_USAGE = YES_ERROR;
				CLANG_WARN_DOCUMENTATION_COMMENTS = YES;
				CLANG_WARN_EMPTY_BODY = YES;
				CLANG_WARN_ENUM_CONVERSION = YES;
				CLANG_WARN_INFINITE_RECURSION = YES;
				CLANG_WARN_INT_CONVERSION = YES;
				CLANG_WARN_NON_LITERAL_NULL_CONVERSION = YES;
				CLANG_WARN_OBJC_IMPLICIT_RETAIN_SELF = YES;
				CLANG_WARN_OBJC_LITERAL_CONVERSION = YES;
				CLANG_WARN_OBJC_ROOT_CLASS = YES_ERROR;
				CLANG_WARN_QUOTED_INCLUDE_IN_FRAMEWORK_HEADER = YES;
				CLANG_WARN_RANGE_LOOP_ANALYSIS = YES;
				CLANG_WARN_STRICT_PROTOTYPES = YES;
				CLANG_WARN_SUSPICIOUS_MOVE = YES;
				CLANG_WARN_UNGUARDED_AVAILABILITY = YES_AGGRESSIVE;
				CLANG_WARN_UNREACHABLE_CODE = YES;
				CLANG_WARN__DUPLICATE_METHOD_MATCH = YES;
				COPY_PHASE_STRIP = NO;
				DEBUG_INFORMATION_FORMAT = dwarf;
				ENABLE_STRICT_OBJC_MSGSEND = YES;
				ENABLE_TESTABILITY = YES;
				GCC_C_LANGUAGE_STANDARD = gnu11;
				GCC_DYNAMIC_NO_PIC = NO;
				GCC_NO_COMMON_BLOCKS = YES;
				GCC_OPTIMIZATION_LEVEL = 0;
				GCC_PREPROCESSOR_DEFINITIONS = (
					"DEBUG=1",
					"$(inherited)",
				);
				GCC_WARN_64_TO_32_BIT_CONVERSION = YES;
				GCC_WARN_ABOUT_RETURN_TYPE = YES_ERROR;
				GCC_WARN_UNDECLARED_SELECTOR = YES;
				GCC_WARN_UNINITIALIZED_AUTOS = YES_AGGRESSIVE;
				GCC_WARN_UNUSED_FUNCTION = YES;
				GCC_WARN_UNUSED_VARIABLE = YES;
				IPHONEOS_DEPLOYMENT_TARGET = 16.4;
				MTL_ENABLE_DEBUG_INFO = INCLUDE_SOURCE;
				MTL_FAST_MATH = YES;
				ONLY_ACTIVE_ARCH = YES;
				SDKROOT = iphoneos;
				SWIFT_ACTIVE_COMPILATION_CONDITIONS = DEBUG;
				SWIFT_OPTIMIZATION_LEVEL = "-Onone";
			};
			name = Debug;
		};
		4B91D95D2A298B5400070ED2 /* Release */ = {
			isa = XCBuildConfiguration;
			buildSettings = {
				ALWAYS_SEARCH_USER_PATHS = NO;
				CLANG_ANALYZER_NONNULL = YES;
				CLANG_ANALYZER_NUMBER_OBJECT_CONVERSION = YES_AGGRESSIVE;
				CLANG_CXX_LANGUAGE_STANDARD = "gnu++20";
				CLANG_ENABLE_MODULES = YES;
				CLANG_ENABLE_OBJC_ARC = YES;
				CLANG_ENABLE_OBJC_WEAK = YES;
				CLANG_WARN_BLOCK_CAPTURE_AUTORELEASING = YES;
				CLANG_WARN_BOOL_CONVERSION = YES;
				CLANG_WARN_COMMA = YES;
				CLANG_WARN_CONSTANT_CONVERSION = YES;
				CLANG_WARN_DEPRECATED_OBJC_IMPLEMENTATIONS = YES;
				CLANG_WARN_DIRECT_OBJC_ISA_USAGE = YES_ERROR;
				CLANG_WARN_DOCUMENTATION_COMMENTS = YES;
				CLANG_WARN_EMPTY_BODY = YES;
				CLANG_WARN_ENUM_CONVERSION = YES;
				CLANG_WARN_INFINITE_RECURSION = YES;
				CLANG_WARN_INT_CONVERSION = YES;
				CLANG_WARN_NON_LITERAL_NULL_CONVERSION = YES;
				CLANG_WARN_OBJC_IMPLICIT_RETAIN_SELF = YES;
				CLANG_WARN_OBJC_LITERAL_CONVERSION = YES;
				CLANG_WARN_OBJC_ROOT_CLASS = YES_ERROR;
				CLANG_WARN_QUOTED_INCLUDE_IN_FRAMEWORK_HEADER = YES;
				CLANG_WARN_RANGE_LOOP_ANALYSIS = YES;
				CLANG_WARN_STRICT_PROTOTYPES = YES;
				CLANG_WARN_SUSPICIOUS_MOVE = YES;
				CLANG_WARN_UNGUARDED_AVAILABILITY = YES_AGGRESSIVE;
				CLANG_WARN_UNREACHABLE_CODE = YES;
				CLANG_WARN__DUPLICATE_METHOD_MATCH = YES;
				COPY_PHASE_STRIP = NO;
				DEBUG_INFORMATION_FORMAT = "dwarf-with-dsym";
				ENABLE_NS_ASSERTIONS = NO;
				ENABLE_STRICT_OBJC_MSGSEND = YES;
				GCC_C_LANGUAGE_STANDARD = gnu11;
				GCC_NO_COMMON_BLOCKS = YES;
				GCC_WARN_64_TO_32_BIT_CONVERSION = YES;
				GCC_WARN_ABOUT_RETURN_TYPE = YES_ERROR;
				GCC_WARN_UNDECLARED_SELECTOR = YES;
				GCC_WARN_UNINITIALIZED_AUTOS = YES_AGGRESSIVE;
				GCC_WARN_UNUSED_FUNCTION = YES;
				GCC_WARN_UNUSED_VARIABLE = YES;
				IPHONEOS_DEPLOYMENT_TARGET = 16.4;
				MTL_ENABLE_DEBUG_INFO = NO;
				MTL_FAST_MATH = YES;
				SDKROOT = iphoneos;
				SWIFT_COMPILATION_MODE = wholemodule;
				SWIFT_OPTIMIZATION_LEVEL = "-O";
				VALIDATE_PRODUCT = YES;
			};
			name = Release;
		};
		4B91D95F2A298B5400070ED2 /* Debug */ = {
			isa = XCBuildConfiguration;
			buildSettings = {
				ASSETCATALOG_COMPILER_APPICON_NAME = AppIcon;
				ASSETCATALOG_COMPILER_GLOBAL_ACCENT_COLOR_NAME = AccentColor;
				CODE_SIGN_STYLE = Automatic;
				CURRENT_PROJECT_VERSION = 1;
				DEVELOPMENT_TEAM = 6KY65WY559;
				GENERATE_INFOPLIST_FILE = YES;
				INFOPLIST_FILE = App12/Info.plist;
				INFOPLIST_KEY_UIApplicationSupportsIndirectInputEvents = YES;
				INFOPLIST_KEY_UILaunchStoryboardName = LaunchScreen;
				INFOPLIST_KEY_UIMainStoryboardFile = Main;
				INFOPLIST_KEY_UISupportedInterfaceOrientations_iPad = "UIInterfaceOrientationPortrait UIInterfaceOrientationPortraitUpsideDown UIInterfaceOrientationLandscapeLeft UIInterfaceOrientationLandscapeRight";
				INFOPLIST_KEY_UISupportedInterfaceOrientations_iPhone = "UIInterfaceOrientationPortrait UIInterfaceOrientationLandscapeLeft UIInterfaceOrientationLandscapeRight";
				LD_RUNPATH_SEARCH_PATHS = (
					"$(inherited)",
					"@executable_path/Frameworks",
				);
				MARKETING_VERSION = 1.0;
				PRODUCT_BUNDLE_IDENTIFIER = elephant;
				PRODUCT_NAME = "$(TARGET_NAME)";
				SWIFT_EMIT_LOC_STRINGS = YES;
				SWIFT_VERSION = 5.0;
				TARGETED_DEVICE_FAMILY = "1,2";
			};
			name = Debug;
		};
		4B91D9602A298B5400070ED2 /* Release */ = {
			isa = XCBuildConfiguration;
			buildSettings = {
				ASSETCATALOG_COMPILER_APPICON_NAME = AppIcon;
				ASSETCATALOG_COMPILER_GLOBAL_ACCENT_COLOR_NAME = AccentColor;
				CODE_SIGN_STYLE = Automatic;
				CURRENT_PROJECT_VERSION = 1;
				DEVELOPMENT_TEAM = 6KY65WY559;
				GENERATE_INFOPLIST_FILE = YES;
				INFOPLIST_FILE = App12/Info.plist;
				INFOPLIST_KEY_UIApplicationSupportsIndirectInputEvents = YES;
				INFOPLIST_KEY_UILaunchStoryboardName = LaunchScreen;
				INFOPLIST_KEY_UIMainStoryboardFile = Main;
				INFOPLIST_KEY_UISupportedInterfaceOrientations_iPad = "UIInterfaceOrientationPortrait UIInterfaceOrientationPortraitUpsideDown UIInterfaceOrientationLandscapeLeft UIInterfaceOrientationLandscapeRight";
				INFOPLIST_KEY_UISupportedInterfaceOrientations_iPhone = "UIInterfaceOrientationPortrait UIInterfaceOrientationLandscapeLeft UIInterfaceOrientationLandscapeRight";
				LD_RUNPATH_SEARCH_PATHS = (
					"$(inherited)",
					"@executable_path/Frameworks",
				);
				MARKETING_VERSION = 1.0;
				PRODUCT_BUNDLE_IDENTIFIER = elephant;
				PRODUCT_NAME = "$(TARGET_NAME)";
				SWIFT_EMIT_LOC_STRINGS = YES;
				SWIFT_VERSION = 5.0;
				TARGETED_DEVICE_FAMILY = "1,2";
			};
			name = Release;
		};
/* End XCBuildConfiguration section */

/* Begin XCConfigurationList section */
		4B91D9452A298B5200070ED2 /* Build configuration list for PBXProject "App12" */ = {
			isa = XCConfigurationList;
			buildConfigurations = (
				4B91D95C2A298B5400070ED2 /* Debug */,
				4B91D95D2A298B5400070ED2 /* Release */,
			);
			defaultConfigurationIsVisible = 0;
			defaultConfigurationName = Release;
		};
		4B91D95E2A298B5400070ED2 /* Build configuration list for PBXNativeTarget "App12" */ = {
			isa = XCConfigurationList;
			buildConfigurations = (
				4B91D95F2A298B5400070ED2 /* Debug */,
				4B91D9602A298B5400070ED2 /* Release */,
			);
			defaultConfigurationIsVisible = 0;
			defaultConfigurationName = Release;
		};
/* End XCConfigurationList section */

/* Begin XCRemoteSwiftPackageReference section */
		4B91D9632A298D0100070ED2 /* XCRemoteSwiftPackageReference "firebase-ios-sdk" */ = {
			isa = XCRemoteSwiftPackageReference;
			repositoryURL = "https://github.com/firebase/firebase-ios-sdk";
			requirement = {
				kind = upToNextMajorVersion;
				minimumVersion = 10.0.0;
			};
		};
/* End XCRemoteSwiftPackageReference section */

/* Begin XCSwiftPackageProductDependency section */
		4B91D9642A298D0100070ED2 /* FirebaseAuth */ = {
			isa = XCSwiftPackageProductDependency;
			package = 4B91D9632A298D0100070ED2 /* XCRemoteSwiftPackageReference "firebase-ios-sdk" */;
			productName = FirebaseAuth;
		};
		4B91D9662A298D0100070ED2 /* FirebaseFirestore */ = {
			isa = XCSwiftPackageProductDependency;
			package = 4B91D9632A298D0100070ED2 /* XCRemoteSwiftPackageReference "firebase-ios-sdk" */;
			productName = FirebaseFirestore;
		};
		4B91D9682A298D0100070ED2 /* FirebaseFirestoreSwift */ = {
			isa = XCSwiftPackageProductDependency;
			package = 4B91D9632A298D0100070ED2 /* XCRemoteSwiftPackageReference "firebase-ios-sdk" */;
			productName = FirebaseFirestoreSwift;
		};
		4B91D96A2A298D0100070ED2 /* FirebaseStorage */ = {
			isa = XCSwiftPackageProductDependency;
			package = 4B91D9632A298D0100070ED2 /* XCRemoteSwiftPackageReference "firebase-ios-sdk" */;
			productName = FirebaseStorage;
		};
/* End XCSwiftPackageProductDependency section */
	};
	rootObject = 4B91D9422A298B5200070ED2 /* Project object */;
}
